
Microsoft Visual Studio Solution File, Format Version 12.00
# Visual Studio 15
VisualStudioVersion = 15.0.28307.168
MinimumVisualStudioVersion = 10.0.40219.1
Project("{9A19103F-16F7-4668-BE54-9A1E7A4F7556}") = "Demo01.Api", "Demo-01.Api\Demo01.Api.csproj", "{28B08473-36AC-4F52-86D9-A46B058C48A8}"
EndProject
Project("{9A19103F-16F7-4668-BE54-9A1E7A4F7556}") = "Demo01.Web", "Demo-01.Web\Demo01.Web.csproj", "{0DEE5020-43DC-41AF-A92D-1DFFE921DA8F}"
EndProject
Project("{9A19103F-16F7-4668-BE54-9A1E7A4F7556}") = "Demo01.Api.Test", "Demo01.Api.Test\Demo01.Api.Test.csproj", "{578FD8BC-923B-4D32-B0EF-3F0C8B98C4CC}"
EndProject
Project("{FAE04EC0-301F-11D3-BF4B-00C04F79EFBC}") = "Demo01.Model", "Demo01.Model\Demo01.Model.csproj", "{1C24F45B-DA37-40D9-A1B0-63F80C93D846}"
EndProject
Global
	GlobalSection(SolutionConfigurationPlatforms) = preSolution
		Debug|Any CPU = Debug|Any CPU
		Release|Any CPU = Release|Any CPU
	EndGlobalSection
	GlobalSection(ProjectConfigurationPlatforms) = postSolution
		{28B08473-36AC-4F52-86D9-A46B058C48A8}.Debug|Any CPU.ActiveCfg = Debug|Any CPU
		{28B08473-36AC-4F52-86D9-A46B058C48A8}.Debug|Any CPU.Build.0 = Debug|Any CPU
		{28B08473-36AC-4F52-86D9-A46B058C48A8}.Release|Any CPU.ActiveCfg = Release|Any CPU
		{28B08473-36AC-4F52-86D9-A46B058C48A8}.Release|Any CPU.Build.0 = Release|Any CPU
		{0DEE5020-43DC-41AF-A92D-1DFFE921DA8F}.Debug|Any CPU.ActiveCfg = Debug|Any CPU
		{0DEE5020-43DC-41AF-A92D-1DFFE921DA8F}.Debug|Any CPU.Build.0 = Debug|Any CPU
		{0DEE5020-43DC-41AF-A92D-1DFFE921DA8F}.Release|Any CPU.ActiveCfg = Release|Any CPU
		{0DEE5020-43DC-41AF-A92D-1DFFE921DA8F}.Release|Any CPU.Build.0 = Release|Any CPU
		{578FD8BC-923B-4D32-B0EF-3F0C8B98C4CC}.Debug|Any CPU.ActiveCfg = Debug|Any CPU
		{578FD8BC-923B-4D32-B0EF-3F0C8B98C4CC}.Debug|Any CPU.Build.0 = Debug|Any CPU
		{578FD8BC-923B-4D32-B0EF-3F0C8B98C4CC}.Release|Any CPU.ActiveCfg = Release|Any CPU
		{578FD8BC-923B-4D32-B0EF-3F0C8B98C4CC}.Release|Any CPU.Build.0 = Release|Any CPU
		{1C24F45B-DA37-40D9-A1B0-63F80C93D846}.Debug|Any CPU.ActiveCfg = Debug|Any CPU
		{1C24F45B-DA37-40D9-A1B0-63F80C93D846}.Debug|Any CPU.Build.0 = Debug|Any CPU
		{1C24F45B-DA37-40D9-A1B0-63F80C93D846}.Release|Any CPU.ActiveCfg = Release|Any CPU
		{1C24F45B-DA37-40D9-A1B0-63F80C93D846}.Release|Any CPU.Build.0 = Release|Any CPU
	EndGlobalSection
	GlobalSection(SolutionProperties) = preSolution
		HideSolutionNode = FALSE
	EndGlobalSection
	GlobalSection(ExtensibilityGlobals) = postSolution
		SolutionGuid = {EC1F889C-B58A-45A9-874E-31044C4C7667}
	EndGlobalSection
EndGlobal
